{
  "dependencies": {
    "remote-exec": {
      "version": "0.0.3",
      "dependencies": {
        "ssh2": {
          "version": "0.2.25",
          "dependencies": {
            "streamsearch": {
              "version": "0.1.2"
            },
            "asn1": {
              "version": "0.1.11"
            }
          }
        },
        "async": {
          "version": "0.2.10"
        }
      }
    }
  }
}
